// !$*UTF8*$!
{
	archiveVersion = 1;
	classes = {
	};
	objectVersion = 56;
	objects = {

/* Begin PBXBuildFile section */
		142DC9D82F7D5268009155F3 /* NurseryConnectDriverApp.swift in Sources */ = {isa = PBXBuildFile; fileRef = 142DC9D72F7D5268009155F3 /* NurseryConnectDriverApp.swift */; };
		142DC9DA2F7D5268009155F3 /* ContentView.swift in Sources */ = {isa = PBXBuildFile; fileRef = 142DC9D92F7D5268009155F3 /* ContentView.swift */; };
		142DC9DC2F7D526A009155F3 /* Assets.xcassets in Resources */ = {isa = PBXBuildFile; fileRef = 142DC9DB2F7D526A009155F3 /* Assets.xcassets */; };
		142DC9DF2F7D526A009155F3 /* Preview Assets.xcassets in Resources */ = {isa = PBXBuildFile; fileRef = 142DC9DE2F7D526A009155F3 /* Preview Assets.xcassets */; };
		142DC9E92F7D526A009155F3 /* NurseryConnectDriverTests.swift in Sources */ = {isa = PBXBuildFile; fileRef = 142DC9E82F7D526A009155F3 /* NurseryConnectDriverTests.swift */; };
		142DC9F32F7D526A009155F3 /* NurseryConnectDriverUITests.swift in Sources */ = {isa = PBXBuildFile; fileRef = 142DC9F22F7D526A009155F3 /* NurseryConnectDriverUITests.swift */; };
		142DC9F52F7D526A009155F3 /* NurseryConnectDriverUITestsLaunchTests.swift in Sources */ = {isa = PBXBuildFile; fileRef = 142DC9F42F7D526A009155F3 /* NurseryConnectDriverUITestsLaunchTests.swift */; };
		142DCA122F7D53CC009155F3 /* Child.swift in Sources */ = {isa = PBXBuildFile; fileRef = 142DCA112F7D53CC009155F3 /* Child.swift */; };
		142DCA142F7D53DA009155F3 /* TransportTrip.swift in Sources */ = {isa = PBXBuildFile; fileRef = 142DCA132F7D53DA009155F3 /* TransportTrip.swift */; };
		142DCA162F7D53E7009155F3 /* DriverLocation.swift in Sources */ = {isa = PBXBuildFile; fileRef = 142DCA152F7D53E7009155F3 /* DriverLocation.swift */; };
		142DCA182F7D53F2009155F3 /* TransportStatus.swift in Sources */ = {isa = PBXBuildFile; fileRef = 142DCA172F7D53F2009155F3 /* TransportStatus.swift */; };
		142DCA1A2F7D53FE009155F3 /* RouteStop.swift in Sources */ = {isa = PBXBuildFile; fileRef = 142DCA192F7D53FE009155F3 /* RouteStop.swift */; };
		142DCA1C2F7D5409009155F3 /* TransportViewModel.swift in Sources */ = {isa = PBXBuildFile; fileRef = 142DCA1B2F7D5409009155F3 /* TransportViewModel.swift */; };
		142DCA1E2F7D5412009155F3 /* LocationViewModel.swift in Sources */ = {isa = PBXBuildFile; fileRef = 142DCA1D2F7D5412009155F3 /* LocationViewModel.swift */; };
		142DCA202F7D5795009155F3 /* DataService.swift in Sources */ = {isa = PBXBuildFile; fileRef = 142DCA1F2F7D5795009155F3 /* DataService.swift */; };
		142DCA222F7D57A0009155F3 /* StorageService.swift in Sources */ = {isa = PBXBuildFile; fileRef = 142DCA212F7D57A0009155F3 /* StorageService.swift */; };
		142DCA242F7D57B1009155F3 /* MockDataService.swift in Sources */ = {isa = PBXBuildFile; fileRef = 142DCA232F7D57B1009155F3 /* MockDataService.swift */; };
		142DCA262F7D57C6009155F3 /* LocationService.swift in Sources */ = {isa = PBXBuildFile; fileRef = 142DCA252F7D57C6009155F3 /* LocationService.swift */; };
		142DCA282F7D57D3009155F3 /* Constants.swift in Sources */ = {isa = PBXBuildFile; fileRef = 142DCA272F7D57D3009155F3 /* Constants.swift */; };
		142DCA2A2F7D57DC009155F3 /* DateFormatterHelper.swift in Sources */ = {isa = PBXBuildFile; fileRef = 142DCA292F7D57DC009155F3 /* DateFormatterHelper.swift */; };
		142DCA2D2F7D57F8009155F3 /* Extensions.swift in Sources */ = {isa = PBXBuildFile; fileRef = 142DCA2C2F7D57F8009155F3 /* Extensions.swift */; };
		1491FE022F7D59B300128EA4 /* SampleData.json in Resources */ = {isa = PBXBuildFile; fileRef = 1491FE012F7D59B300128EA4 /* SampleData.json */; };
		1491FE042F7D59FF00128EA4 /* MainTabView.swift in Sources */ = {isa = PBXBuildFile; fileRef = 1491FE032F7D59FF00128EA4 /* MainTabView.swift */; };
		1491FE062F7D5A0800128EA4 /* DashboardView.swift in Sources */ = {isa = PBXBuildFile; fileRef = 1491FE052F7D5A0800128EA4 /* DashboardView.swift */; };
		1491FE082F7D5A1300128EA4 /* TransportListView.swift in Sources */ = {isa = PBXBuildFile; fileRef = 1491FE072F7D5A1300128EA4 /* TransportListView.swift */; };
		1491FE0A2F7D5AA300128EA4 /* ChildDetailView.swift in Sources */ = {isa = PBXBuildFile; fileRef = 1491FE092F7D5AA300128EA4 /* ChildDetailView.swift */; };
		1491FE0E2F7D5AB800128EA4 /* TripSummaryView.swift in Sources */ = {isa = PBXBuildFile; fileRef = 1491FE0D2F7D5AB800128EA4 /* TripSummaryView.swift */; };
		1491FE102F7D5AC000128EA4 /* StatusBadgeView.swift in Sources */ = {isa = PBXBuildFile; fileRef = 1491FE0F2F7D5AC000128EA4 /* StatusBadgeView.swift */; };
		1491FE122F7D5ACA00128EA4 /* LiveMapView.swift in Sources */ = {isa = PBXBuildFile; fileRef = 1491FE112F7D5ACA00128EA4 /* LiveMapView.swift */; };
		1491FE142F7D5AD200128EA4 /* DriverMapView.swift in Sources */ = {isa = PBXBuildFile; fileRef = 1491FE132F7D5AD200128EA4 /* DriverMapView.swift */; };
		1491FE162F7D5ADB00128EA4 /* RouteInfoCardView.swift in Sources */ = {isa = PBXBuildFile; fileRef = 1491FE152F7D5ADB00128EA4 /* RouteInfoCardView.swift */; };
		1491FE182F7D5AE500128EA4 /* ChildRowView.swift in Sources */ = {isa = PBXBuildFile; fileRef = 1491FE172F7D5AE500128EA4 /* ChildRowView.swift */; };
		1491FE1A2F7D5AEE00128EA4 /* PrimaryButton.swift in Sources */ = {isa = PBXBuildFile; fileRef = 1491FE192F7D5AEE00128EA4 /* PrimaryButton.swift */; };
		1491FE1C2F7D5AF500128EA4 /* EmptyStateView.swift in Sources */ = {isa = PBXBuildFile; fileRef = 1491FE1B2F7D5AF500128EA4 /* EmptyStateView.swift */; };
		1491FE1E2F7D5AFD00128EA4 /* SectionHeaderView.swift in Sources */ = {isa = PBXBuildFile; fileRef = 1491FE1D2F7D5AFD00128EA4 /* SectionHeaderView.swift */; };
		1491FE202F7D5B0500128EA4 /* InfoCardView.swift in Sources */ = {isa = PBXBuildFile; fileRef = 1491FE1F2F7D5B0500128EA4 /* InfoCardView.swift */; };
		1491FE222F7D5B0F00128EA4 /* SettingsView.swift in Sources */ = {isa = PBXBuildFile; fileRef = 1491FE212F7D5B0F00128EA4 /* SettingsView.swift */; };
/* End PBXBuildFile section */

/* Begin PBXContainerItemProxy section */
		142DC9E52F7D526A009155F3 /* PBXContainerItemProxy */ = {
			isa = PBXContainerItemProxy;
			containerPortal = 142DC9CC2F7D5268009155F3 /* Project object */;
			proxyType = 1;
			remoteGlobalIDString = 142DC9D32F7D5268009155F3;
			remoteInfo = NurseryConnectDriver;
		};
		142DC9EF2F7D526A009155F3 /* PBXContainerItemProxy */ = {
			isa = PBXContainerItemProxy;
			containerPortal = 142DC9CC2F7D5268009155F3 /* Project object */;
			proxyType = 1;
			remoteGlobalIDString = 142DC9D32F7D5268009155F3;
			remoteInfo = NurseryConnectDriver;
		};
/* End PBXContainerItemProxy section */

/* Begin PBXFileReference section */
		142DC9D42F7D5268009155F3 /* NurseryConnectDriver.app */ = {isa = PBXFileReference; explicitFileType = wrapper.application; includeInIndex = 0; path = NurseryConnectDriver.app; sourceTree = BUILT_PRODUCTS_DIR; };
		142DC9D72F7D5268009155F3 /* NurseryConnectDriverApp.swift */ = {isa = PBXFileReference; lastKnownFileType = sourcecode.swift; path = NurseryConnectDriverApp.swift; sourceTree = "<group>"; };
		142DC9D92F7D5268009155F3 /* ContentView.swift */ = {isa = PBXFileReference; lastKnownFileType = sourcecode.swift; path = ContentView.swift; sourceTree = "<group>"; };
		142DC9DB2F7D526A009155F3 /* Assets.xcassets */ = {isa = PBXFileReference; lastKnownFileType = folder.assetcatalog; path = Assets.xcassets; sourceTree = "<group>"; };
		142DC9DE2F7D526A009155F3 /* Preview Assets.xcassets */ = {isa = PBXFileReference; lastKnownFileType = folder.assetcatalog; path = "Preview Assets.xcassets"; sourceTree = "<group>"; };
		142DC9E42F7D526A009155F3 /* NurseryConnectDriverTests.xctest */ = {isa = PBXFileReference; explicitFileType = wrapper.cfbundle; includeInIndex = 0; path = NurseryConnectDriverTests.xctest; sourceTree = BUILT_PRODUCTS_DIR; };
		142DC9E82F7D526A009155F3 /* NurseryConnectDriverTests.swift */ = {isa = PBXFileReference; lastKnownFileType = sourcecode.swift; path = NurseryConnectDriverTests.swift; sourceTree = "<group>"; };
		142DC9EE2F7D526A009155F3 /* NurseryConnectDriverUITests.xctest */ = {isa = PBXFileReference; explicitFileType = wrapper.cfbundle; includeInIndex = 0; path = NurseryConnectDriverUITests.xctest; sourceTree = BUILT_PRODUCTS_DIR; };
		142DC9F22F7D526A009155F3 /* NurseryConnectDriverUITests.swift */ = {isa = PBXFileReference; lastKnownFileType = sourcecode.swift; path = NurseryConnectDriverUITests.swift; sourceTree = "<group>"; };
		142DC9F42F7D526A009155F3 /* NurseryConnectDriverUITestsLaunchTests.swift */ = {isa = PBXFileReference; lastKnownFileType = sourcecode.swift; path = NurseryConnectDriverUITestsLaunchTests.swift; sourceTree = "<group>"; };
		142DCA112F7D53CC009155F3 /* Child.swift */ = {isa = PBXFileReference; lastKnownFileType = sourcecode.swift; path = Child.swift; sourceTree = "<group>"; };
		142DCA132F7D53DA009155F3 /* TransportTrip.swift */ = {isa = PBXFileReference; lastKnownFileType = sourcecode.swift; path = TransportTrip.swift; sourceTree = "<group>"; };
		142DCA152F7D53E7009155F3 /* DriverLocation.swift */ = {isa = PBXFileReference; lastKnownFileType = sourcecode.swift; path = DriverLocation.swift; sourceTree = "<group>"; };
		142DCA172F7D53F2009155F3 /* TransportStatus.swift */ = {isa = PBXFileReference; lastKnownFileType = sourcecode.swift; path = TransportStatus.swift; sourceTree = "<group>"; };
		142DCA192F7D53FE009155F3 /* RouteStop.swift */ = {isa = PBXFileReference; lastKnownFileType = sourcecode.swift; path = RouteStop.swift; sourceTree = "<group>"; };
		142DCA1B2F7D5409009155F3 /* TransportViewModel.swift */ = {isa = PBXFileReference; lastKnownFileType = sourcecode.swift; path = TransportViewModel.swift; sourceTree = "<group>"; };
		142DCA1D2F7D5412009155F3 /* LocationViewModel.swift */ = {isa = PBXFileReference; lastKnownFileType = sourcecode.swift; path = LocationViewModel.swift; sourceTree = "<group>"; };
		142DCA1F2F7D5795009155F3 /* DataService.swift */ = {isa = PBXFileReference; lastKnownFileType = sourcecode.swift; path = DataService.swift; sourceTree = "<group>"; };
		142DCA212F7D57A0009155F3 /* StorageService.swift */ = {isa = PBXFileReference; lastKnownFileType = sourcecode.swift; path = StorageService.swift; sourceTree = "<group>"; };
		142DCA232F7D57B1009155F3 /* MockDataService.swift */ = {isa = PBXFileReference; lastKnownFileType = sourcecode.swift; path = MockDataService.swift; sourceTree = "<group>"; };
		142DCA252F7D57C6009155F3 /* LocationService.swift */ = {isa = PBXFileReference; lastKnownFileType = sourcecode.swift; path = LocationService.swift; sourceTree = "<group>"; };
		142DCA272F7D57D3009155F3 /* Constants.swift */ = {isa = PBXFileReference; lastKnownFileType = sourcecode.swift; path = Constants.swift; sourceTree = "<group>"; };
		142DCA292F7D57DC009155F3 /* DateFormatterHelper.swift */ = {isa = PBXFileReference; lastKnownFileType = sourcecode.swift; path = DateFormatterHelper.swift; sourceTree = "<group>"; };
		142DCA2C2F7D57F8009155F3 /* Extensions.swift */ = {isa = PBXFileReference; lastKnownFileType = sourcecode.swift; path = Extensions.swift; sourceTree = "<group>"; };
		1491FE012F7D59B300128EA4 /* SampleData.json */ = {isa = PBXFileReference; lastKnownFileType = text.json; path = SampleData.json; sourceTree = "<group>"; };
		1491FE032F7D59FF00128EA4 /* MainTabView.swift */ = {isa = PBXFileReference; lastKnownFileType = sourcecode.swift; path = MainTabView.swift; sourceTree = "<group>"; };
		1491FE052F7D5A0800128EA4 /* DashboardView.swift */ = {isa = PBXFileReference; lastKnownFileType = sourcecode.swift; path = DashboardView.swift; sourceTree = "<group>"; };
		1491FE072F7D5A1300128EA4 /* TransportListView.swift */ = {isa = PBXFileReference; lastKnownFileType = sourcecode.swift; path = TransportListView.swift; sourceTree = "<group>"; };
		1491FE092F7D5AA300128EA4 /* ChildDetailView.swift */ = {isa = PBXFileReference; lastKnownFileType = sourcecode.swift; path = ChildDetailView.swift; sourceTree = "<group>"; };
		1491FE0D2F7D5AB800128EA4 /* TripSummaryView.swift */ = {isa = PBXFileReference; lastKnownFileType = sourcecode.swift; path = TripSummaryView.swift; sourceTree = "<group>"; };
		1491FE0F2F7D5AC000128EA4 /* StatusBadgeView.swift */ = {isa = PBXFileReference; lastKnownFileType = sourcecode.swift; path = StatusBadgeView.swift; sourceTree = "<group>"; };
		1491FE112F7D5ACA00128EA4 /* LiveMapView.swift */ = {isa = PBXFileReference; lastKnownFileType = sourcecode.swift; path = LiveMapView.swift; sourceTree = "<group>"; };
		1491FE132F7D5AD200128EA4 /* DriverMapView.swift */ = {isa = PBXFileReference; lastKnownFileType = sourcecode.swift; path = DriverMapView.swift; sourceTree = "<group>"; };
		1491FE152F7D5ADB00128EA4 /* RouteInfoCardView.swift */ = {isa = PBXFileReference; lastKnownFileType = sourcecode.swift; path = RouteInfoCardView.swift; sourceTree = "<group>"; };
		1491FE172F7D5AE500128EA4 /* ChildRowView.swift */ = {isa = PBXFileReference; lastKnownFileType = sourcecode.swift; path = ChildRowView.swift; sourceTree = "<group>"; };
		1491FE192F7D5AEE00128EA4 /* PrimaryButton.swift */ = {isa = PBXFileReference; lastKnownFileType = sourcecode.swift; path = PrimaryButton.swift; sourceTree = "<group>"; };
		1491FE1B2F7D5AF500128EA4 /* EmptyStateView.swift */ = {isa = PBXFileReference; lastKnownFileType = sourcecode.swift; path = EmptyStateView.swift; sourceTree = "<group>"; };
		1491FE1D2F7D5AFD00128EA4 /* SectionHeaderView.swift */ = {isa = PBXFileReference; lastKnownFileType = sourcecode.swift; path = SectionHeaderView.swift; sourceTree = "<group>"; };
		1491FE1F2F7D5B0500128EA4 /* InfoCardView.swift */ = {isa = PBXFileReference; lastKnownFileType = sourcecode.swift; path = InfoCardView.swift; sourceTree = "<group>"; };
		1491FE212F7D5B0F00128EA4 /* SettingsView.swift */ = {isa = PBXFileReference; lastKnownFileType = sourcecode.swift; path = SettingsView.swift; sourceTree = "<group>"; };
/* End PBXFileReference section */

/* Begin PBXFrameworksBuildPhase section */
		142DC9D12F7D5268009155F3 /* Frameworks */ = {
			isa = PBXFrameworksBuildPhase;
			buildActionMask = 2147483647;
			files = (
			);
			runOnlyForDeploymentPostprocessing = 0;
		};
		142DC9E12F7D526A009155F3 /* Frameworks */ = {
			isa = PBXFrameworksBuildPhase;
			buildActionMask = 2147483647;
			files = (
			);
			runOnlyForDeploymentPostprocessing = 0;
		};
		142DC9EB2F7D526A009155F3 /* Frameworks */ = {
			isa = PBXFrameworksBuildPhase;
			buildActionMask = 2147483647;
			files = (
			);
			runOnlyForDeploymentPostprocessing = 0;
		};
/* End PBXFrameworksBuildPhase section */

/* Begin PBXGroup section */
		142DC9CB2F7D5268009155F3 = {
			isa = PBXGroup;
			children = (
				142DC9D62F7D5268009155F3 /* NurseryConnectDriver */,
				142DC9E72F7D526A009155F3 /* NurseryConnectDriverTests */,
				142DC9F12F7D526A009155F3 /* NurseryConnectDriverUITests */,
				142DC9D52F7D5268009155F3 /* Products */,
			);
			sourceTree = "<group>";
		};
		142DC9D52F7D5268009155F3 /* Products */ = {
			isa = PBXGroup;
			children = (
				142DC9D42F7D5268009155F3 /* NurseryConnectDriver.app */,
				142DC9E42F7D526A009155F3 /* NurseryConnectDriverTests.xctest */,
				142DC9EE2F7D526A009155F3 /* NurseryConnectDriverUITests.xctest */,
			);
			name = Products;
			sourceTree = "<group>";
		};
		142DC9D62F7D5268009155F3 /* NurseryConnectDriver */ = {
			isa = PBXGroup;
			children = (
				142DCA092F7D536F009155F3 /* Resources */,
				142DCA082F7D5366009155F3 /* Helpers */,
				142DCA072F7D535E009155F3 /* Services */,
				142DCA052F7D5349009155F3 /* Views */,
				142DCA032F7D5336009155F3 /* ViewModels */,
				142DCA012F7D5319009155F3 /* Models */,
				142DC9D72F7D5268009155F3 /* NurseryConnectDriverApp.swift */,
				142DC9D92F7D5268009155F3 /* ContentView.swift */,
				142DC9DB2F7D526A009155F3 /* Assets.xcassets */,
				142DC9DD2F7D526A009155F3 /* Preview Content */,
			);
			path = NurseryConnectDriver;
			sourceTree = "<group>";
		};
		142DC9DD2F7D526A009155F3 /* Preview Content */ = {
			isa = PBXGroup;
			children = (
				142DC9DE2F7D526A009155F3 /* Preview Assets.xcassets */,
			);
			path = "Preview Content";
			sourceTree = "<group>";
		};
		142DC9E72F7D526A009155F3 /* NurseryConnectDriverTests */ = {
			isa = PBXGroup;
			children = (
				142DC9E82F7D526A009155F3 /* NurseryConnectDriverTests.swift */,
			);
			path = NurseryConnectDriverTests;
			sourceTree = "<group>";
		};
		142DC9F12F7D526A009155F3 /* NurseryConnectDriverUITests */ = {
			isa = PBXGroup;
			children = (
				142DC9F22F7D526A009155F3 /* NurseryConnectDriverUITests.swift */,
				142DC9F42F7D526A009155F3 /* NurseryConnectDriverUITestsLaunchTests.swift */,
			);
			path = NurseryConnectDriverUITests;
			sourceTree = "<group>";
		};
		142DCA012F7D5319009155F3 /* Models */ = {
			isa = PBXGroup;
			children = (
				142DCA112F7D53CC009155F3 /* Child.swift */,
				142DCA132F7D53DA009155F3 /* TransportTrip.swift */,
				142DCA152F7D53E7009155F3 /* DriverLocation.swift */,
				142DCA172F7D53F2009155F3 /* TransportStatus.swift */,
				142DCA192F7D53FE009155F3 /* RouteStop.swift */,
			);
			path = Models;
			sourceTree = "<group>";
		};
		142DCA032F7D5336009155F3 /* ViewModels */ = {
			isa = PBXGroup;
			children = (
				142DCA1B2F7D5409009155F3 /* TransportViewModel.swift */,
				142DCA1D2F7D5412009155F3 /* LocationViewModel.swift */,
			);
			path = ViewModels;
			sourceTree = "<group>";
		};
		142DCA052F7D5349009155F3 /* Views */ = {
			isa = PBXGroup;
			children = (
				142DCA102F7D53AD009155F3 /* Settings */,
				142DCA0F2F7D53A5009155F3 /* Components */,
				142DCA0E2F7D539B009155F3 /* Map */,
				142DCA0C2F7D538A009155F3 /* Transport */,
				142DCA0B2F7D5382009155F3 /* Main */,
			);
			path = Views;
			sourceTree = "<group>";
		};
		142DCA072F7D535E009155F3 /* Services */ = {
			isa = PBXGroup;
			children = (
				142DCA1F2F7D5795009155F3 /* DataService.swift */,
				142DCA212F7D57A0009155F3 /* StorageService.swift */,
				142DCA232F7D57B1009155F3 /* MockDataService.swift */,
				142DCA252F7D57C6009155F3 /* LocationService.swift */,
			);
			path = Services;
			sourceTree = "<group>";
		};
		142DCA082F7D5366009155F3 /* Helpers */ = {
			isa = PBXGroup;
			children = (
				142DCA272F7D57D3009155F3 /* Constants.swift */,
				142DCA292F7D57DC009155F3 /* DateFormatterHelper.swift */,
				142DCA2C2F7D57F8009155F3 /* Extensions.swift */,
			);
			path = Helpers;
			sourceTree = "<group>";
		};
		142DCA092F7D536F009155F3 /* Resources */ = {
			isa = PBXGroup;
			children = (
				1491FE012F7D59B300128EA4 /* SampleData.json */,
			);
			path = Resources;
			sourceTree = "<group>";
		};
		142DCA0B2F7D5382009155F3 /* Main */ = {
			isa = PBXGroup;
			children = (
				1491FE032F7D59FF00128EA4 /* MainTabView.swift */,
				1491FE052F7D5A0800128EA4 /* DashboardView.swift */,
			);
			path = Main;
			sourceTree = "<group>";
		};
		142DCA0C2F7D538A009155F3 /* Transport */ = {
			isa = PBXGroup;
			children = (
				1491FE072F7D5A1300128EA4 /* TransportListView.swift */,
				1491FE092F7D5AA300128EA4 /* ChildDetailView.swift */,
				1491FE0D2F7D5AB800128EA4 /* TripSummaryView.swift */,
				1491FE0F2F7D5AC000128EA4 /* StatusBadgeView.swift */,
			);
			path = Transport;
			sourceTree = "<group>";
		};
		142DCA0E2F7D539B009155F3 /* Map */ = {
			isa = PBXGroup;
			children = (
				1491FE112F7D5ACA00128EA4 /* LiveMapView.swift */,
				1491FE132F7D5AD200128EA4 /* DriverMapView.swift */,
				1491FE152F7D5ADB00128EA4 /* RouteInfoCardView.swift */,
			);
			path = Map;
			sourceTree = "<group>";
		};
		142DCA0F2F7D53A5009155F3 /* Components */ = {
			isa = PBXGroup;
			children = (
				1491FE172F7D5AE500128EA4 /* ChildRowView.swift */,
				1491FE192F7D5AEE00128EA4 /* PrimaryButton.swift */,
				1491FE1B2F7D5AF500128EA4 /* EmptyStateView.swift */,
				1491FE1D2F7D5AFD00128EA4 /* SectionHeaderView.swift */,
				1491FE1F2F7D5B0500128EA4 /* InfoCardView.swift */,
			);
			path = Components;
			sourceTree = "<group>";
		};
		142DCA102F7D53AD009155F3 /* Settings */ = {
			isa = PBXGroup;
			children = (
				1491FE212F7D5B0F00128EA4 /* SettingsView.swift */,
			);
			path = Settings;
			sourceTree = "<group>";
		};
/* End PBXGroup section */

/* Begin PBXNativeTarget section */
		142DC9D32F7D5268009155F3 /* NurseryConnectDriver */ = {
			isa = PBXNativeTarget;
			buildConfigurationList = 142DC9F82F7D526A009155F3 /* Build configuration list for PBXNativeTarget "NurseryConnectDriver" */;
			buildPhases = (
				142DC9D02F7D5268009155F3 /* Sources */,
				142DC9D12F7D5268009155F3 /* Frameworks */,
				142DC9D22F7D5268009155F3 /* Resources */,
			);
			buildRules = (
			);
			dependencies = (
			);
			name = NurseryConnectDriver;
			productName = NurseryConnectDriver;
			productReference = 142DC9D42F7D5268009155F3 /* NurseryConnectDriver.app */;
			productType = "com.apple.product-type.application";
		};
		142DC9E32F7D526A009155F3 /* NurseryConnectDriverTests */ = {
			isa = PBXNativeTarget;
			buildConfigurationList = 142DC9FB2F7D526A009155F3 /* Build configuration list for PBXNativeTarget "NurseryConnectDriverTests" */;
			buildPhases = (
				142DC9E02F7D526A009155F3 /* Sources */,
				142DC9E12F7D526A009155F3 /* Frameworks */,
				142DC9E22F7D526A009155F3 /* Resources */,
			);
			buildRules = (
			);
			dependencies = (
				142DC9E62F7D526A009155F3 /* PBXTargetDependency */,
			);
			name = NurseryConnectDriverTests;
			productName = NurseryConnectDriverTests;
			productReference = 142DC9E42F7D526A009155F3 /* NurseryConnectDriverTests.xctest */;
			productType = "com.apple.product-type.bundle.unit-test";
		};
		142DC9ED2F7D526A009155F3 /* NurseryConnectDriverUITests */ = {
			isa = PBXNativeTarget;
			buildConfigurationList = 142DC9FE2F7D526A009155F3 /* Build configuration list for PBXNativeTarget "NurseryConnectDriverUITests" */;
			buildPhases = (
				142DC9EA2F7D526A009155F3 /* Sources */,
				142DC9EB2F7D526A009155F3 /* Frameworks */,
				142DC9EC2F7D526A009155F3 /* Resources */,
			);
			buildRules = (
			);
			dependencies = (
				142DC9F02F7D526A009155F3 /* PBXTargetDependency */,
			);
			name = NurseryConnectDriverUITests;
			productName = NurseryConnectDriverUITests;
			productReference = 142DC9EE2F7D526A009155F3 /* NurseryConnectDriverUITests.xctest */;
			productType = "com.apple.product-type.bundle.ui-testing";
		};
/* End PBXNativeTarget section */

/* Begin PBXProject section */
		142DC9CC2F7D5268009155F3 /* Project object */ = {
			isa = PBXProject;
			attributes = {
				BuildIndependentTargetsInParallel = 1;
				LastSwiftUpdateCheck = 1540;
				LastUpgradeCheck = 1540;
				TargetAttributes = {
					142DC9D32F7D5268009155F3 = {
						CreatedOnToolsVersion = 15.4;
					};
					142DC9E32F7D526A009155F3 = {
						CreatedOnToolsVersion = 15.4;
						TestTargetID = 142DC9D32F7D5268009155F3;
					};
					142DC9ED2F7D526A009155F3 = {
						CreatedOnToolsVersion = 15.4;
						TestTargetID = 142DC9D32F7D5268009155F3;
					};
				};
			};
			buildConfigurationList = 142DC9CF2F7D5268009155F3 /* Build configuration list for PBXProject "NurseryConnectDriver" */;
			compatibilityVersion = "Xcode 14.0";
			developmentRegion = en;
			hasScannedForEncodings = 0;
			knownRegions = (
				en,
				Base,
			);
			mainGroup = 142DC9CB2F7D5268009155F3;
			productRefGroup = 142DC9D52F7D5268009155F3 /* Products */;
			projectDirPath = "";
			projectRoot = "";
			targets = (
				142DC9D32F7D5268009155F3 /* NurseryConnectDriver */,
				142DC9E32F7D526A009155F3 /* NurseryConnectDriverTests */,
				142DC9ED2F7D526A009155F3 /* NurseryConnectDriverUITests */,
			);
		};
/* End PBXProject section */

/* Begin PBXResourcesBuildPhase section */
		142DC9D22F7D5268009155F3 /* Resources */ = {
			isa = PBXResourcesBuildPhase;
			buildActionMask = 2147483647;
			files = (
				142DC9DF2F7D526A009155F3 /* Preview Assets.xcassets in Resources */,
				1491FE022F7D59B300128EA4 /* SampleData.json in Resources */,
				142DC9DC2F7D526A009155F3 /* Assets.xcassets in Resources */,
			);
			runOnlyForDeploymentPostprocessing = 0;
		};
		142DC9E22F7D526A009155F3 /* Resources */ = {
			isa = PBXResourcesBuildPhase;
			buildActionMask = 2147483647;
			files = (
			);
			runOnlyForDeploymentPostprocessing = 0;
		};
		142DC9EC2F7D526A009155F3 /* Resources */ = {
			isa = PBXResourcesBuildPhase;
			buildActionMask = 2147483647;
			files = (
			);
			runOnlyForDeploymentPostprocessing = 0;
		};
/* End PBXResourcesBuildPhase section */

/* Begin PBXSourcesBuildPhase section */
		142DC9D02F7D5268009155F3 /* Sources */ = {
			isa = PBXSourcesBuildPhase;
			buildActionMask = 2147483647;
			files = (
				142DCA1A2F7D53FE009155F3 /* RouteStop.swift in Sources */,
				142DC9DA2F7D5268009155F3 /* ContentView.swift in Sources */,
				142DC9D82F7D5268009155F3 /* NurseryConnectDriverApp.swift in Sources */,
				1491FE082F7D5A1300128EA4 /* TransportListView.swift in Sources */,
				142DCA162F7D53E7009155F3 /* DriverLocation.swift in Sources */,
				142DCA1C2F7D5409009155F3 /* TransportViewModel.swift in Sources */,
				1491FE1C2F7D5AF500128EA4 /* EmptyStateView.swift in Sources */,
				1491FE182F7D5AE500128EA4 /* ChildRowView.swift in Sources */,
				142DCA242F7D57B1009155F3 /* MockDataService.swift in Sources */,
				142DCA2A2F7D57DC009155F3 /* DateFormatterHelper.swift in Sources */,
				142DCA142F7D53DA009155F3 /* TransportTrip.swift in Sources */,
				142DCA122F7D53CC009155F3 /* Child.swift in Sources */,
				1491FE0A2F7D5AA300128EA4 /* ChildDetailView.swift in Sources */,
				1491FE142F7D5AD200128EA4 /* DriverMapView.swift in Sources */,
				1491FE042F7D59FF00128EA4 /* MainTabView.swift in Sources */,
				1491FE1E2F7D5AFD00128EA4 /* SectionHeaderView.swift in Sources */,
				1491FE102F7D5AC000128EA4 /* StatusBadgeView.swift in Sources */,
				1491FE122F7D5ACA00128EA4 /* LiveMapView.swift in Sources */,
				142DCA1E2F7D5412009155F3 /* LocationViewModel.swift in Sources */,
				1491FE0E2F7D5AB800128EA4 /* TripSummaryView.swift in Sources */,
				1491FE1A2F7D5AEE00128EA4 /* PrimaryButton.swift in Sources */,
				142DCA262F7D57C6009155F3 /* LocationService.swift in Sources */,
				142DCA2D2F7D57F8009155F3 /* Extensions.swift in Sources */,
				1491FE162F7D5ADB00128EA4 /* RouteInfoCardView.swift in Sources */,
				1491FE062F7D5A0800128EA4 /* DashboardView.swift in Sources */,
				142DCA182F7D53F2009155F3 /* TransportStatus.swift in Sources */,
				142DCA282F7D57D3009155F3 /* Constants.swift in Sources */,
				142DCA222F7D57A0009155F3 /* StorageService.swift in Sources */,
				1491FE202F7D5B0500128EA4 /* InfoCardView.swift in Sources */,
				1491FE222F7D5B0F00128EA4 /* SettingsView.swift in Sources */,
				142DCA202F7D5795009155F3 /* DataService.swift in Sources */,
			);
			runOnlyForDeploymentPostprocessing = 0;
		};
		142DC9E02F7D526A009155F3 /* Sources */ = {
			isa = PBXSourcesBuildPhase;
			buildActionMask = 2147483647;
			files = (
				142DC9E92F7D526A009155F3 /* NurseryConnectDriverTests.swift in Sources */,
			);
			runOnlyForDeploymentPostprocessing = 0;
		};
		142DC9EA2F7D526A009155F3 /* Sources */ = {
			isa = PBXSourcesBuildPhase;
			buildActionMask = 2147483647;
			files = (
				142DC9F52F7D526A009155F3 /* NurseryConnectDriverUITestsLaunchTests.swift in Sources */,
				142DC9F32F7D526A009155F3 /* NurseryConnectDriverUITests.swift in Sources */,
			);
			runOnlyForDeploymentPostprocessing = 0;
		};
/* End PBXSourcesBuildPhase section */

/* Begin PBXTargetDependency section */
		142DC9E62F7D526A009155F3 /* PBXTargetDependency */ = {
			isa = PBXTargetDependency;
			target = 142DC9D32F7D5268009155F3 /* NurseryConnectDriver */;
			targetProxy = 142DC9E52F7D526A009155F3 /* PBXContainerItemProxy */;
		};
		142DC9F02F7D526A009155F3 /* PBXTargetDependency */ = {
			isa = PBXTargetDependency;
			target = 142DC9D32F7D5268009155F3 /* NurseryConnectDriver */;
			targetProxy = 142DC9EF2F7D526A009155F3 /* PBXContainerItemProxy */;
		};
/* End PBXTargetDependency section */

/* Begin XCBuildConfiguration section */
		142DC9F62F7D526A009155F3 /* Debug */ = {
			isa = XCBuildConfiguration;
			buildSettings = {
				ALWAYS_SEARCH_USER_PATHS = NO;
				ASSETCATALOG_COMPILER_GENERATE_SWIFT_ASSET_SYMBOL_EXTENSIONS = YES;
				CLANG_ANALYZER_NONNULL = YES;
				CLANG_ANALYZER_NUMBER_OBJECT_CONVERSION = YES_AGGRESSIVE;
				CLANG_CXX_LANGUAGE_STANDARD = "gnu++20";
				CLANG_ENABLE_MODULES = YES;
				CLANG_ENABLE_OBJC_ARC = YES;
				CLANG_ENABLE_OBJC_WEAK = YES;
				CLANG_WARN_BLOCK_CAPTURE_AUTORELEASING = YES;
				CLANG_WARN_BOOL_CONVERSION = YES;
				CLANG_WARN_COMMA = YES;
				CLANG_WARN_CONSTANT_CONVERSION = YES;
				CLANG_WARN_DEPRECATED_OBJC_IMPLEMENTATIONS = YES;
				CLANG_WARN_DIRECT_OBJC_ISA_USAGE = YES_ERROR;
				CLANG_WARN_DOCUMENTATION_COMMENTS = YES;
				CLANG_WARN_EMPTY_BODY = YES;
				CLANG_WARN_ENUM_CONVERSION = YES;
				CLANG_WARN_INFINITE_RECURSION = YES;
				CLANG_WARN_INT_CONVERSION = YES;
				CLANG_WARN_NON_LITERAL_NULL_CONVERSION = YES;
				CLANG_WARN_OBJC_IMPLICIT_RETAIN_SELF = YES;
				CLANG_WARN_OBJC_LITERAL_CONVERSION = YES;
				CLANG_WARN_OBJC_ROOT_CLASS = YES_ERROR;
				CLANG_WARN_QUOTED_INCLUDE_IN_FRAMEWORK_HEADER = YES;
				CLANG_WARN_RANGE_LOOP_ANALYSIS = YES;
				CLANG_WARN_STRICT_PROTOTYPES = YES;
				CLANG_WARN_SUSPICIOUS_MOVE = YES;
				CLANG_WARN_UNGUARDED_AVAILABILITY = YES_AGGRESSIVE;
				CLANG_WARN_UNREACHABLE_CODE = YES;
				CLANG_WARN__DUPLICATE_METHOD_MATCH = YES;
				COPY_PHASE_STRIP = NO;
				DEBUG_INFORMATION_FORMAT = dwarf;
				ENABLE_STRICT_OBJC_MSGSEND = YES;
				ENABLE_TESTABILITY = YES;
				ENABLE_USER_SCRIPT_SANDBOXING = YES;
				GCC_C_LANGUAGE_STANDARD = gnu17;
				GCC_DYNAMIC_NO_PIC = NO;
				GCC_NO_COMMON_BLOCKS = YES;
				GCC_OPTIMIZATION_LEVEL = 0;
				GCC_PREPROCESSOR_DEFINITIONS = (
					"DEBUG=1",
					"$(inherited)",
				);
				GCC_WARN_64_TO_32_BIT_CONVERSION = YES;
				GCC_WARN_ABOUT_RETURN_TYPE = YES_ERROR;
				GCC_WARN_UNDECLARED_SELECTOR = YES;
				GCC_WARN_UNINITIALIZED_AUTOS = YES_AGGRESSIVE;
				GCC_WARN_UNUSED_FUNCTION = YES;
				GCC_WARN_UNUSED_VARIABLE = YES;
				IPHONEOS_DEPLOYMENT_TARGET = 17.5;
				LOCALIZATION_PREFERS_STRING_CATALOGS = YES;
				MTL_ENABLE_DEBUG_INFO = INCLUDE_SOURCE;
				MTL_FAST_MATH = YES;
				ONLY_ACTIVE_ARCH = YES;
				SDKROOT = iphoneos;
				SWIFT_ACTIVE_COMPILATION_CONDITIONS = "DEBUG $(inherited)";
				SWIFT_OPTIMIZATION_LEVEL = "-Onone";
			};
			name = Debug;
		};
		142DC9F72F7D526A009155F3 /* Release */ = {
			isa = XCBuildConfiguration;
			buildSettings = {
				ALWAYS_SEARCH_USER_PATHS = NO;
				ASSETCATALOG_COMPILER_GENERATE_SWIFT_ASSET_SYMBOL_EXTENSIONS = YES;
				CLANG_ANALYZER_NONNULL = YES;
				CLANG_ANALYZER_NUMBER_OBJECT_CONVERSION = YES_AGGRESSIVE;
				CLANG_CXX_LANGUAGE_STANDARD = "gnu++20";
				CLANG_ENABLE_MODULES = YES;
				CLANG_ENABLE_OBJC_ARC = YES;
				CLANG_ENABLE_OBJC_WEAK = YES;
				CLANG_WARN_BLOCK_CAPTURE_AUTORELEASING = YES;
				CLANG_WARN_BOOL_CONVERSION = YES;
				CLANG_WARN_COMMA = YES;
				CLANG_WARN_CONSTANT_CONVERSION = YES;
				CLANG_WARN_DEPRECATED_OBJC_IMPLEMENTATIONS = YES;
				CLANG_WARN_DIRECT_OBJC_ISA_USAGE = YES_ERROR;
				CLANG_WARN_DOCUMENTATION_COMMENTS = YES;
				CLANG_WARN_EMPTY_BODY = YES;
				CLANG_WARN_ENUM_CONVERSION = YES;
				CLANG_WARN_INFINITE_RECURSION = YES;
				CLANG_WARN_INT_CONVERSION = YES;
				CLANG_WARN_NON_LITERAL_NULL_CONVERSION = YES;
				CLANG_WARN_OBJC_IMPLICIT_RETAIN_SELF = YES;
				CLANG_WARN_OBJC_LITERAL_CONVERSION = YES;
				CLANG_WARN_OBJC_ROOT_CLASS = YES_ERROR;
				CLANG_WARN_QUOTED_INCLUDE_IN_FRAMEWORK_HEADER = YES;
				CLANG_WARN_RANGE_LOOP_ANALYSIS = YES;
				CLANG_WARN_STRICT_PROTOTYPES = YES;
				CLANG_WARN_SUSPICIOUS_MOVE = YES;
				CLANG_WARN_UNGUARDED_AVAILABILITY = YES_AGGRESSIVE;
				CLANG_WARN_UNREACHABLE_CODE = YES;
				CLANG_WARN__DUPLICATE_METHOD_MATCH = YES;
				COPY_PHASE_STRIP = NO;
				DEBUG_INFORMATION_FORMAT = "dwarf-with-dsym";
				ENABLE_NS_ASSERTIONS = NO;
				ENABLE_STRICT_OBJC_MSGSEND = YES;
				ENABLE_USER_SCRIPT_SANDBOXING = YES;
				GCC_C_LANGUAGE_STANDARD = gnu17;
				GCC_NO_COMMON_BLOCKS = YES;
				GCC_WARN_64_TO_32_BIT_CONVERSION = YES;
				GCC_WARN_ABOUT_RETURN_TYPE = YES_ERROR;
				GCC_WARN_UNDECLARED_SELECTOR = YES;
				GCC_WARN_UNINITIALIZED_AUTOS = YES_AGGRESSIVE;
				GCC_WARN_UNUSED_FUNCTION = YES;
				GCC_WARN_UNUSED_VARIABLE = YES;
				IPHONEOS_DEPLOYMENT_TARGET = 17.5;
				LOCALIZATION_PREFERS_STRING_CATALOGS = YES;
				MTL_ENABLE_DEBUG_INFO = NO;
				MTL_FAST_MATH = YES;
				SDKROOT = iphoneos;
				SWIFT_COMPILATION_MODE = wholemodule;
				VALIDATE_PRODUCT = YES;
			};
			name = Release;
		};
		142DC9F92F7D526A009155F3 /* Debug */ = {
			isa = XCBuildConfiguration;
			buildSettings = {
				ASSETCATALOG_COMPILER_APPICON_NAME = AppIcon;
				ASSETCATALOG_COMPILER_GLOBAL_ACCENT_COLOR_NAME = AccentColor;
				CODE_SIGN_STYLE = Automatic;
				CURRENT_PROJECT_VERSION = 1;
				DEVELOPMENT_ASSET_PATHS = "\"NurseryConnectDriver/Preview Content\"";
				DEVELOPMENT_TEAM = VTZK896352;
				ENABLE_PREVIEWS = YES;
				GENERATE_INFOPLIST_FILE = YES;
				INFOPLIST_KEY_UIApplicationSceneManifest_Generation = YES;
				INFOPLIST_KEY_UIApplicationSupportsIndirectInputEvents = YES;
				INFOPLIST_KEY_UILaunchScreen_Generation = YES;
				INFOPLIST_KEY_UISupportedInterfaceOrientations_iPad = "UIInterfaceOrientationPortrait UIInterfaceOrientationPortraitUpsideDown UIInterfaceOrientationLandscapeLeft UIInterfaceOrientationLandscapeRight";
				INFOPLIST_KEY_UISupportedInterfaceOrientations_iPhone = "UIInterfaceOrientationPortrait UIInterfaceOrientationLandscapeLeft UIInterfaceOrientationLandscapeRight";
				LD_RUNPATH_SEARCH_PATHS = (
					"$(inherited)",
					"@executable_path/Frameworks",
				);
				MARKETING_VERSION = 1.0;
				PRODUCT_BUNDLE_IDENTIFIER = IT22118318.NurseryConnectDriver;
				PRODUCT_NAME = "$(TARGET_NAME)";
				SWIFT_EMIT_LOC_STRINGS = YES;
				SWIFT_VERSION = 5.0;
				TARGETED_DEVICE_FAMILY = "1,2";
			};
			name = Debug;
		};
		142DC9FA2F7D526A009155F3 /* Release */ = {
			isa = XCBuildConfiguration;
			buildSettings = {
				ASSETCATALOG_COMPILER_APPICON_NAME = AppIcon;
				ASSETCATALOG_COMPILER_GLOBAL_ACCENT_COLOR_NAME = AccentColor;
				CODE_SIGN_STYLE = Automatic;
				CURRENT_PROJECT_VERSION = 1;
				DEVELOPMENT_ASSET_PATHS = "\"NurseryConnectDriver/Preview Content\"";
				DEVELOPMENT_TEAM = VTZK896352;
				ENABLE_PREVIEWS = YES;
				GENERATE_INFOPLIST_FILE = YES;
				INFOPLIST_KEY_UIApplicationSceneManifest_Generation = YES;
				INFOPLIST_KEY_UIApplicationSupportsIndirectInputEvents = YES;
				INFOPLIST_KEY_UILaunchScreen_Generation = YES;
				INFOPLIST_KEY_UISupportedInterfaceOrientations_iPad = "UIInterfaceOrientationPortrait UIInterfaceOrientationPortraitUpsideDown UIInterfaceOrientationLandscapeLeft UIInterfaceOrientationLandscapeRight";
				INFOPLIST_KEY_UISupportedInterfaceOrientations_iPhone = "UIInterfaceOrientationPortrait UIInterfaceOrientationLandscapeLeft UIInterfaceOrientationLandscapeRight";
				LD_RUNPATH_SEARCH_PATHS = (
					"$(inherited)",
					"@executable_path/Frameworks",
				);
				MARKETING_VERSION = 1.0;
				PRODUCT_BUNDLE_IDENTIFIER = IT22118318.NurseryConnectDriver;
				PRODUCT_NAME = "$(TARGET_NAME)";
				SWIFT_EMIT_LOC_STRINGS = YES;
				SWIFT_VERSION = 5.0;
				TARGETED_DEVICE_FAMILY = "1,2";
			};
			name = Release;
		};
		142DC9FC2F7D526A009155F3 /* Debug */ = {
			isa = XCBuildConfiguration;
			buildSettings = {
				ALWAYS_EMBED_SWIFT_STANDARD_LIBRARIES = YES;
				BUNDLE_LOADER = "$(TEST_HOST)";
				CODE_SIGN_STYLE = Automatic;
				CURRENT_PROJECT_VERSION = 1;
				DEVELOPMENT_TEAM = VTZK896352;
				GENERATE_INFOPLIST_FILE = YES;
				IPHONEOS_DEPLOYMENT_TARGET = 17.5;
				MARKETING_VERSION = 1.0;
				PRODUCT_BUNDLE_IDENTIFIER = IT22118318.NurseryConnectDriverTests;
				PRODUCT_NAME = "$(TARGET_NAME)";
				SWIFT_EMIT_LOC_STRINGS = NO;
				SWIFT_VERSION = 5.0;
				TARGETED_DEVICE_FAMILY = "1,2";
				TEST_HOST = "$(BUILT_PRODUCTS_DIR)/NurseryConnectDriver.app/$(BUNDLE_EXECUTABLE_FOLDER_PATH)/NurseryConnectDriver";
			};
			name = Debug;
		};
		142DC9FD2F7D526A009155F3 /* Release */ = {
			isa = XCBuildConfiguration;
			buildSettings = {
				ALWAYS_EMBED_SWIFT_STANDARD_LIBRARIES = YES;
				BUNDLE_LOADER = "$(TEST_HOST)";
				CODE_SIGN_STYLE = Automatic;
				CURRENT_PROJECT_VERSION = 1;
				DEVELOPMENT_TEAM = VTZK896352;
				GENERATE_INFOPLIST_FILE = YES;
				IPHONEOS_DEPLOYMENT_TARGET = 17.5;
				MARKETING_VERSION = 1.0;
				PRODUCT_BUNDLE_IDENTIFIER = IT22118318.NurseryConnectDriverTests;
				PRODUCT_NAME = "$(TARGET_NAME)";
				SWIFT_EMIT_LOC_STRINGS = NO;
				SWIFT_VERSION = 5.0;
				TARGETED_DEVICE_FAMILY = "1,2";
				TEST_HOST = "$(BUILT_PRODUCTS_DIR)/NurseryConnectDriver.app/$(BUNDLE_EXECUTABLE_FOLDER_PATH)/NurseryConnectDriver";
			};
			name = Release;
		};
		142DC9FF2F7D526A009155F3 /* Debug */ = {
			isa = XCBuildConfiguration;
			buildSettings = {
				ALWAYS_EMBED_SWIFT_STANDARD_LIBRARIES = YES;
				CODE_SIGN_STYLE = Automatic;
				CURRENT_PROJECT_VERSION = 1;
				DEVELOPMENT_TEAM = VTZK896352;
				GENERATE_INFOPLIST_FILE = YES;
				MARKETING_VERSION = 1.0;
				PRODUCT_BUNDLE_IDENTIFIER = IT22118318.NurseryConnectDriverUITests;
				PRODUCT_NAME = "$(TARGET_NAME)";
				SWIFT_EMIT_LOC_STRINGS = NO;
				SWIFT_VERSION = 5.0;
				TARGETED_DEVICE_FAMILY = "1,2";
				TEST_TARGET_NAME = NurseryConnectDriver;
			};
			name = Debug;
		};
		142DCA002F7D526A009155F3 /* Release */ = {
			isa = XCBuildConfiguration;
			buildSettings = {
				ALWAYS_EMBED_SWIFT_STANDARD_LIBRARIES = YES;
				CODE_SIGN_STYLE = Automatic;
				CURRENT_PROJECT_VERSION = 1;
				DEVELOPMENT_TEAM = VTZK896352;
				GENERATE_INFOPLIST_FILE = YES;
				MARKETING_VERSION = 1.0;
				PRODUCT_BUNDLE_IDENTIFIER = IT22118318.NurseryConnectDriverUITests;
				PRODUCT_NAME = "$(TARGET_NAME)";
				SWIFT_EMIT_LOC_STRINGS = NO;
				SWIFT_VERSION = 5.0;
				TARGETED_DEVICE_FAMILY = "1,2";
				TEST_TARGET_NAME = NurseryConnectDriver;
			};
			name = Release;
		};
/* End XCBuildConfiguration section */

/* Begin XCConfigurationList section */
		142DC9CF2F7D5268009155F3 /* Build configuration list for PBXProject "NurseryConnectDriver" */ = {
			isa = XCConfigurationList;
			buildConfigurations = (
				142DC9F62F7D526A009155F3 /* Debug */,
				142DC9F72F7D526A009155F3 /* Release */,
			);
			defaultConfigurationIsVisible = 0;
			defaultConfigurationName = Release;
		};
		142DC9F82F7D526A009155F3 /* Build configuration list for PBXNativeTarget "NurseryConnectDriver" */ = {
			isa = XCConfigurationList;
			buildConfigurations = (
				142DC9F92F7D526A009155F3 /* Debug */,
				142DC9FA2F7D526A009155F3 /* Release */,
			);
			defaultConfigurationIsVisible = 0;
			defaultConfigurationName = Release;
		};
		142DC9FB2F7D526A009155F3 /* Build configuration list for PBXNativeTarget "NurseryConnectDriverTests" */ = {
			isa = XCConfigurationList;
			buildConfigurations = (
				142DC9FC2F7D526A009155F3 /* Debug */,
				142DC9FD2F7D526A009155F3 /* Release */,
			);
			defaultConfigurationIsVisible = 0;
			defaultConfigurationName = Release;
		};
		142DC9FE2F7D526A009155F3 /* Build configuration list for PBXNativeTarget "NurseryConnectDriverUITests" */ = {
			isa = XCConfigurationList;
			buildConfigurations = (
				142DC9FF2F7D526A009155F3 /* Debug */,
				142DCA002F7D526A009155F3 /* Release */,
			);
			defaultConfigurationIsVisible = 0;
			defaultConfigurationName = Release;
		};
/* End XCConfigurationList section */
	};
	rootObject = 142DC9CC2F7D5268009155F3 /* Project object */;
}
